// !$*UTF8*$!
{
	archiveVersion = 1;
	classes = {
	};
	objectVersion = 50;
	objects = {

/* Begin PBXBuildFile section */
		532A8B6627BBF984004591ED /* QueueTestCase.swift in Sources */ = {isa = PBXBuildFile; fileRef = 532A8B6527BBF984004591ED /* QueueTestCase.swift */; };
		532A8B6C27BBF9B2004591ED /* Queue.swift in Sources */ = {isa = PBXBuildFile; fileRef = 53EB20C727BA9C49002B5F87 /* Queue.swift */; };
		532A8B6E27BC02BB004591ED /* ChallengeTestCase.swift in Sources */ = {isa = PBXBuildFile; fileRef = 532A8B6D27BC02BB004591ED /* ChallengeTestCase.swift */; };
		538B2C9427B516DB00C31617 /* main.swift in Sources */ = {isa = PBXBuildFile; fileRef = 538B2C9327B516DB00C31617 /* main.swift */; };
		538B2C9B27B516E800C31617 /* Stack.swift in Sources */ = {isa = PBXBuildFile; fileRef = 538B2C9A27B516E800C31617 /* Stack.swift */; };
		538B2CA527B5181B00C31617 /* StackTestCase.swift in Sources */ = {isa = PBXBuildFile; fileRef = 538B2CA427B5181B00C31617 /* StackTestCase.swift */; };
		538B2CAA27B518B400C31617 /* Stack.swift in Sources */ = {isa = PBXBuildFile; fileRef = 538B2C9A27B516E800C31617 /* Stack.swift */; };
		538B2CAC27B51D3000C31617 /* ChallengeTestCase.swift in Sources */ = {isa = PBXBuildFile; fileRef = 538B2CAB27B51D2F00C31617 /* ChallengeTestCase.swift */; };
		53EB20C827BA9C49002B5F87 /* Queue.swift in Sources */ = {isa = PBXBuildFile; fileRef = 53EB20C727BA9C49002B5F87 /* Queue.swift */; };
/* End PBXBuildFile section */

/* Begin PBXCopyFilesBuildPhase section */
		538B2C8E27B516DB00C31617 /* CopyFiles */ = {
			isa = PBXCopyFilesBuildPhase;
			buildActionMask = 2147483647;
			dstPath = /usr/share/man/man1/;
			dstSubfolderSpec = 0;
			files = (
			);
			runOnlyForDeploymentPostprocessing = 1;
		};
/* End PBXCopyFilesBuildPhase section */

/* Begin PBXFileReference section */
		532A8B6327BBF984004591ED /* QueueTestCase.xctest */ = {isa = PBXFileReference; explicitFileType = wrapper.cfbundle; includeInIndex = 0; path = QueueTestCase.xctest; sourceTree = BUILT_PRODUCTS_DIR; };
		532A8B6527BBF984004591ED /* QueueTestCase.swift */ = {isa = PBXFileReference; lastKnownFileType = sourcecode.swift; path = QueueTestCase.swift; sourceTree = "<group>"; };
		532A8B6D27BC02BB004591ED /* ChallengeTestCase.swift */ = {isa = PBXFileReference; fileEncoding = 4; lastKnownFileType = sourcecode.swift; path = ChallengeTestCase.swift; sourceTree = "<group>"; };
		538B2C9027B516DB00C31617 /* DataStructureSample */ = {isa = PBXFileReference; explicitFileType = "compiled.mach-o.executable"; includeInIndex = 0; path = DataStructureSample; sourceTree = BUILT_PRODUCTS_DIR; };
		538B2C9327B516DB00C31617 /* main.swift */ = {isa = PBXFileReference; lastKnownFileType = sourcecode.swift; path = main.swift; sourceTree = "<group>"; };
		538B2C9A27B516E800C31617 /* Stack.swift */ = {isa = PBXFileReference; lastKnownFileType = sourcecode.swift; path = Stack.swift; sourceTree = "<group>"; };
		538B2CA227B5181B00C31617 /* StackTestCase.xctest */ = {isa = PBXFileReference; explicitFileType = wrapper.cfbundle; includeInIndex = 0; path = StackTestCase.xctest; sourceTree = BUILT_PRODUCTS_DIR; };
		538B2CA427B5181B00C31617 /* StackTestCase.swift */ = {isa = PBXFileReference; lastKnownFileType = sourcecode.swift; path = StackTestCase.swift; sourceTree = "<group>"; };
		538B2CA627B5181B00C31617 /* Info.plist */ = {isa = PBXFileReference; lastKnownFileType = text.plist.xml; path = Info.plist; sourceTree = "<group>"; };
		538B2CAB27B51D2F00C31617 /* ChallengeTestCase.swift */ = {isa = PBXFileReference; fileEncoding = 4; lastKnownFileType = sourcecode.swift; path = ChallengeTestCase.swift; sourceTree = "<group>"; };
		53EB20C727BA9C49002B5F87 /* Queue.swift */ = {isa = PBXFileReference; lastKnownFileType = sourcecode.swift; path = Queue.swift; sourceTree = "<group>"; };
/* End PBXFileReference section */

/* Begin PBXFrameworksBuildPhase section */
		532A8B6027BBF984004591ED /* Frameworks */ = {
			isa = PBXFrameworksBuildPhase;
			buildActionMask = 2147483647;
			files = (
			);
			runOnlyForDeploymentPostprocessing = 0;
		};
		538B2C8D27B516DB00C31617 /* Frameworks */ = {
			isa = PBXFrameworksBuildPhase;
			buildActionMask = 2147483647;
			files = (
			);
			runOnlyForDeploymentPostprocessing = 0;
		};
		538B2C9F27B5181B00C31617 /* Frameworks */ = {
			isa = PBXFrameworksBuildPhase;
			buildActionMask = 2147483647;
			files = (
			);
			runOnlyForDeploymentPostprocessing = 0;
		};
/* End PBXFrameworksBuildPhase section */

/* Begin PBXGroup section */
		532A8B6427BBF984004591ED /* QueueTestCase */ = {
			isa = PBXGroup;
			children = (
				532A8B6D27BC02BB004591ED /* ChallengeTestCase.swift */,
				532A8B6527BBF984004591ED /* QueueTestCase.swift */,
			);
			path = QueueTestCase;
			sourceTree = "<group>";
		};
		538B2C8727B516DB00C31617 = {
			isa = PBXGroup;
			children = (
				538B2C9227B516DB00C31617 /* DataStructureSample */,
				538B2CA327B5181B00C31617 /* StackTestCase */,
				532A8B6427BBF984004591ED /* QueueTestCase */,
				538B2C9127B516DB00C31617 /* Products */,
			);
			sourceTree = "<group>";
		};
		538B2C9127B516DB00C31617 /* Products */ = {
			isa = PBXGroup;
			children = (
				538B2C9027B516DB00C31617 /* DataStructureSample */,
				538B2CA227B5181B00C31617 /* StackTestCase.xctest */,
				532A8B6327BBF984004591ED /* QueueTestCase.xctest */,
			);
			name = Products;
			sourceTree = "<group>";
		};
		538B2C9227B516DB00C31617 /* DataStructureSample */ = {
			isa = PBXGroup;
			children = (
				538B2C9327B516DB00C31617 /* main.swift */,
				538B2C9A27B516E800C31617 /* Stack.swift */,
				53EB20C727BA9C49002B5F87 /* Queue.swift */,
			);
			path = DataStructureSample;
			sourceTree = "<group>";
		};
		538B2CA327B5181B00C31617 /* StackTestCase */ = {
			isa = PBXGroup;
			children = (
				538B2CA427B5181B00C31617 /* StackTestCase.swift */,
				538B2CAB27B51D2F00C31617 /* ChallengeTestCase.swift */,
				538B2CA627B5181B00C31617 /* Info.plist */,
			);
			path = StackTestCase;
			sourceTree = "<group>";
		};
/* End PBXGroup section */

/* Begin PBXNativeTarget section */
		532A8B6227BBF984004591ED /* QueueTestCase */ = {
			isa = PBXNativeTarget;
			buildConfigurationList = 532A8B6727BBF984004591ED /* Build configuration list for PBXNativeTarget "QueueTestCase" */;
			buildPhases = (
				532A8B5F27BBF984004591ED /* Sources */,
				532A8B6027BBF984004591ED /* Frameworks */,
				532A8B6127BBF984004591ED /* Resources */,
			);
			buildRules = (
			);
			dependencies = (
			);
			name = QueueTestCase;
			productName = QueueTestCase;
			productReference = 532A8B6327BBF984004591ED /* QueueTestCase.xctest */;
			productType = "com.apple.product-type.bundle.unit-test";
		};
		538B2C8F27B516DB00C31617 /* DataStructureSample */ = {
			isa = PBXNativeTarget;
			buildConfigurationList = 538B2C9727B516DB00C31617 /* Build configuration list for PBXNativeTarget "DataStructureSample" */;
			buildPhases = (
				538B2C8C27B516DB00C31617 /* Sources */,
				538B2C8D27B516DB00C31617 /* Frameworks */,
				538B2C8E27B516DB00C31617 /* CopyFiles */,
			);
			buildRules = (
			);
			dependencies = (
			);
			name = DataStructureSample;
			productName = DataStructureSample;
			productReference = 538B2C9027B516DB00C31617 /* DataStructureSample */;
			productType = "com.apple.product-type.tool";
		};
		538B2CA127B5181B00C31617 /* StackTestCase */ = {
			isa = PBXNativeTarget;
			buildConfigurationList = 538B2CA727B5181B00C31617 /* Build configuration list for PBXNativeTarget "StackTestCase" */;
			buildPhases = (
				538B2C9E27B5181B00C31617 /* Sources */,
				538B2C9F27B5181B00C31617 /* Frameworks */,
				538B2CA027B5181B00C31617 /* Resources */,
			);
			buildRules = (
			);
			dependencies = (
			);
			name = StackTestCase;
			productName = StackTestCase;
			productReference = 538B2CA227B5181B00C31617 /* StackTestCase.xctest */;
			productType = "com.apple.product-type.bundle.unit-test";
		};
/* End PBXNativeTarget section */

/* Begin PBXProject section */
		538B2C8827B516DB00C31617 /* Project object */ = {
			isa = PBXProject;
			attributes = {
				LastSwiftUpdateCheck = 1320;
				LastUpgradeCheck = 1250;
				TargetAttributes = {
					532A8B6227BBF984004591ED = {
						CreatedOnToolsVersion = 13.2.1;
					};
					538B2C8F27B516DB00C31617 = {
						CreatedOnToolsVersion = 12.5.1;
					};
					538B2CA127B5181B00C31617 = {
						CreatedOnToolsVersion = 12.5.1;
					};
				};
			};
			buildConfigurationList = 538B2C8B27B516DB00C31617 /* Build configuration list for PBXProject "DataStructureSample" */;
			compatibilityVersion = "Xcode 9.3";
			developmentRegion = en;
			hasScannedForEncodings = 0;
			knownRegions = (
				en,
				Base,
			);
			mainGroup = 538B2C8727B516DB00C31617;
			productRefGroup = 538B2C9127B516DB00C31617 /* Products */;
			projectDirPath = "";
			projectRoot = "";
			targets = (
				538B2C8F27B516DB00C31617 /* DataStructureSample */,
				538B2CA127B5181B00C31617 /* StackTestCase */,
				532A8B6227BBF984004591ED /* QueueTestCase */,
			);
		};
/* End PBXProject section */

/* Begin PBXResourcesBuildPhase section */
		532A8B6127BBF984004591ED /* Resources */ = {
			isa = PBXResourcesBuildPhase;
			buildActionMask = 2147483647;
			files = (
			);
			runOnlyForDeploymentPostprocessing = 0;
		};
		538B2CA027B5181B00C31617 /* Resources */ = {
			isa = PBXResourcesBuildPhase;
			buildActionMask = 2147483647;
			files = (
			);
			runOnlyForDeploymentPostprocessing = 0;
		};
/* End PBXResourcesBuildPhase section */

/* Begin PBXSourcesBuildPhase section */
		532A8B5F27BBF984004591ED /* Sources */ = {
			isa = PBXSourcesBuildPhase;
			buildActionMask = 2147483647;
			files = (
				532A8B6627BBF984004591ED /* QueueTestCase.swift in Sources */,
				532A8B6E27BC02BB004591ED /* ChallengeTestCase.swift in Sources */,
				532A8B6C27BBF9B2004591ED /* Queue.swift in Sources */,
			);
			runOnlyForDeploymentPostprocessing = 0;
		};
		538B2C8C27B516DB00C31617 /* Sources */ = {
			isa = PBXSourcesBuildPhase;
			buildActionMask = 2147483647;
			files = (
				538B2C9B27B516E800C31617 /* Stack.swift in Sources */,
				53EB20C827BA9C49002B5F87 /* Queue.swift in Sources */,
				538B2C9427B516DB00C31617 /* main.swift in Sources */,
			);
			runOnlyForDeploymentPostprocessing = 0;
		};
		538B2C9E27B5181B00C31617 /* Sources */ = {
			isa = PBXSourcesBuildPhase;
			buildActionMask = 2147483647;
			files = (
				538B2CAA27B518B400C31617 /* Stack.swift in Sources */,
				538B2CAC27B51D3000C31617 /* ChallengeTestCase.swift in Sources */,
				538B2CA527B5181B00C31617 /* StackTestCase.swift in Sources */,
			);
			runOnlyForDeploymentPostprocessing = 0;
		};
/* End PBXSourcesBuildPhase section */

/* Begin XCBuildConfiguration section */
		532A8B6827BBF984004591ED /* Debug */ = {
			isa = XCBuildConfiguration;
			buildSettings = {
				CLANG_CXX_LANGUAGE_STANDARD = "gnu++17";
				CODE_SIGN_STYLE = Automatic;
				CURRENT_PROJECT_VERSION = 1;
				GENERATE_INFOPLIST_FILE = YES;
				MACOSX_DEPLOYMENT_TARGET = 11.6;
				MARKETING_VERSION = 1.0;
				PRODUCT_BUNDLE_IDENTIFIER = com.sunwoo.QueueTestCase;
				PRODUCT_NAME = "$(TARGET_NAME)";
				SWIFT_EMIT_LOC_STRINGS = NO;
				SWIFT_VERSION = 5.0;
			};
			name = Debug;
		};
		532A8B6927BBF984004591ED /* Release */ = {
			isa = XCBuildConfiguration;
			buildSettings = {
				CLANG_CXX_LANGUAGE_STANDARD = "gnu++17";
				CODE_SIGN_STYLE = Automatic;
				CURRENT_PROJECT_VERSION = 1;
				GENERATE_INFOPLIST_FILE = YES;
				MACOSX_DEPLOYMENT_TARGET = 11.6;
				MARKETING_VERSION = 1.0;
				PRODUCT_BUNDLE_IDENTIFIER = com.sunwoo.QueueTestCase;
				PRODUCT_NAME = "$(TARGET_NAME)";
				SWIFT_EMIT_LOC_STRINGS = NO;
				SWIFT_VERSION = 5.0;
			};
			name = Release;
		};
		538B2C9527B516DB00C31617 /* Debug */ = {
			isa = XCBuildConfiguration;
			buildSettings = {
				ALWAYS_SEARCH_USER_PATHS = NO;
				CLANG_ANALYZER_NONNULL = YES;
				CLANG_ANALYZER_NUMBER_OBJECT_CONVERSION = YES_AGGRESSIVE;
				CLANG_CXX_LANGUAGE_STANDARD = "gnu++14";
				CLANG_CXX_LIBRARY = "libc++";
				CLANG_ENABLE_MODULES = YES;
				CLANG_ENABLE_OBJC_ARC = YES;
				CLANG_ENABLE_OBJC_WEAK = YES;
				CLANG_WARN_BLOCK_CAPTURE_AUTORELEASING = YES;
				CLANG_WARN_BOOL_CONVERSION = YES;
				CLANG_WARN_COMMA = YES;
				CLANG_WARN_CONSTANT_CONVERSION = YES;
				CLANG_WARN_DEPRECATED_OBJC_IMPLEMENTATIONS = YES;
				CLANG_WARN_DIRECT_OBJC_ISA_USAGE = YES_ERROR;
				CLANG_WARN_DOCUMENTATION_COMMENTS = YES;
				CLANG_WARN_EMPTY_BODY = YES;
				CLANG_WARN_ENUM_CONVERSION = YES;
				CLANG_WARN_INFINITE_RECURSION = YES;
				CLANG_WARN_INT_CONVERSION = YES;
				CLANG_WARN_NON_LITERAL_NULL_CONVERSION = YES;
				CLANG_WARN_OBJC_IMPLICIT_RETAIN_SELF = YES;
				CLANG_WARN_OBJC_LITERAL_CONVERSION = YES;
				CLANG_WARN_OBJC_ROOT_CLASS = YES_ERROR;
				CLANG_WARN_QUOTED_INCLUDE_IN_FRAMEWORK_HEADER = YES;
				CLANG_WARN_RANGE_LOOP_ANALYSIS = YES;
				CLANG_WARN_STRICT_PROTOTYPES = YES;
				CLANG_WARN_SUSPICIOUS_MOVE = YES;
				CLANG_WARN_UNGUARDED_AVAILABILITY = YES_AGGRESSIVE;
				CLANG_WARN_UNREACHABLE_CODE = YES;
				CLANG_WARN__DUPLICATE_METHOD_MATCH = YES;
				COPY_PHASE_STRIP = NO;
				DEBUG_INFORMATION_FORMAT = dwarf;
				ENABLE_STRICT_OBJC_MSGSEND = YES;
				ENABLE_TESTABILITY = YES;
				GCC_C_LANGUAGE_STANDARD = gnu11;
				GCC_DYNAMIC_NO_PIC = NO;
				GCC_NO_COMMON_BLOCKS = YES;
				GCC_OPTIMIZATION_LEVEL = 0;
				GCC_PREPROCESSOR_DEFINITIONS = (
					"DEBUG=1",
					"$(inherited)",
				);
				GCC_WARN_64_TO_32_BIT_CONVERSION = YES;
				GCC_WARN_ABOUT_RETURN_TYPE = YES_ERROR;
				GCC_WARN_UNDECLARED_SELECTOR = YES;
				GCC_WARN_UNINITIALIZED_AUTOS = YES_AGGRESSIVE;
				GCC_WARN_UNUSED_FUNCTION = YES;
				GCC_WARN_UNUSED_VARIABLE = YES;
				MACOSX_DEPLOYMENT_TARGET = 11.3;
				MTL_ENABLE_DEBUG_INFO = INCLUDE_SOURCE;
				MTL_FAST_MATH = YES;
				ONLY_ACTIVE_ARCH = YES;
				SDKROOT = macosx;
				SWIFT_ACTIVE_COMPILATION_CONDITIONS = DEBUG;
				SWIFT_OPTIMIZATION_LEVEL = "-Onone";
			};
			name = Debug;
		};
		538B2C9627B516DB00C31617 /* Release */ = {
			isa = XCBuildConfiguration;
			buildSettings = {
				ALWAYS_SEARCH_USER_PATHS = NO;
				CLANG_ANALYZER_NONNULL = YES;
				CLANG_ANALYZER_NUMBER_OBJECT_CONVERSION = YES_AGGRESSIVE;
				CLANG_CXX_LANGUAGE_STANDARD = "gnu++14";
				CLANG_CXX_LIBRARY = "libc++";
				CLANG_ENABLE_MODULES = YES;
				CLANG_ENABLE_OBJC_ARC = YES;
				CLANG_ENABLE_OBJC_WEAK = YES;
				CLANG_WARN_BLOCK_CAPTURE_AUTORELEASING = YES;
				CLANG_WARN_BOOL_CONVERSION = YES;
				CLANG_WARN_COMMA = YES;
				CLANG_WARN_CONSTANT_CONVERSION = YES;
				CLANG_WARN_DEPRECATED_OBJC_IMPLEMENTATIONS = YES;
				CLANG_WARN_DIRECT_OBJC_ISA_USAGE = YES_ERROR;
				CLANG_WARN_DOCUMENTATION_COMMENTS = YES;
				CLANG_WARN_EMPTY_BODY = YES;
				CLANG_WARN_ENUM_CONVERSION = YES;
				CLANG_WARN_INFINITE_RECURSION = YES;
				CLANG_WARN_INT_CONVERSION = YES;
				CLANG_WARN_NON_LITERAL_NULL_CONVERSION = YES;
				CLANG_WARN_OBJC_IMPLICIT_RETAIN_SELF = YES;
				CLANG_WARN_OBJC_LITERAL_CONVERSION = YES;
				CLANG_WARN_OBJC_ROOT_CLASS = YES_ERROR;
				CLANG_WARN_QUOTED_INCLUDE_IN_FRAMEWORK_HEADER = YES;
				CLANG_WARN_RANGE_LOOP_ANALYSIS = YES;
				CLANG_WARN_STRICT_PROTOTYPES = YES;
				CLANG_WARN_SUSPICIOUS_MOVE = YES;
				CLANG_WARN_UNGUARDED_AVAILABILITY = YES_AGGRESSIVE;
				CLANG_WARN_UNREACHABLE_CODE = YES;
				CLANG_WARN__DUPLICATE_METHOD_MATCH = YES;
				COPY_PHASE_STRIP = NO;
				DEBUG_INFORMATION_FORMAT = "dwarf-with-dsym";
				ENABLE_NS_ASSERTIONS = NO;
				ENABLE_STRICT_OBJC_MSGSEND = YES;
				GCC_C_LANGUAGE_STANDARD = gnu11;
				GCC_NO_COMMON_BLOCKS = YES;
				GCC_WARN_64_TO_32_BIT_CONVERSION = YES;
				GCC_WARN_ABOUT_RETURN_TYPE = YES_ERROR;
				GCC_WARN_UNDECLARED_SELECTOR = YES;
				GCC_WARN_UNINITIALIZED_AUTOS = YES_AGGRESSIVE;
				GCC_WARN_UNUSED_FUNCTION = YES;
				GCC_WARN_UNUSED_VARIABLE = YES;
				MACOSX_DEPLOYMENT_TARGET = 11.3;
				MTL_ENABLE_DEBUG_INFO = NO;
				MTL_FAST_MATH = YES;
				SDKROOT = macosx;
				SWIFT_COMPILATION_MODE = wholemodule;
				SWIFT_OPTIMIZATION_LEVEL = "-O";
			};
			name = Release;
		};
		538B2C9827B516DB00C31617 /* Debug */ = {
			isa = XCBuildConfiguration;
			buildSettings = {
				CODE_SIGN_STYLE = Automatic;
				PRODUCT_NAME = "$(TARGET_NAME)";
				SWIFT_VERSION = 5.0;
			};
			name = Debug;
		};
		538B2C9927B516DB00C31617 /* Release */ = {
			isa = XCBuildConfiguration;
			buildSettings = {
				CODE_SIGN_STYLE = Automatic;
				PRODUCT_NAME = "$(TARGET_NAME)";
				SWIFT_VERSION = 5.0;
			};
			name = Release;
		};
		538B2CA827B5181B00C31617 /* Debug */ = {
			isa = XCBuildConfiguration;
			buildSettings = {
				CODE_SIGN_STYLE = Automatic;
				COMBINE_HIDPI_IMAGES = YES;
				INFOPLIST_FILE = StackTestCase/Info.plist;
				LD_RUNPATH_SEARCH_PATHS = (
					"$(inherited)",
					"@executable_path/../Frameworks",
					"@loader_path/../Frameworks",
				);
				PRODUCT_BUNDLE_IDENTIFIER = com.sunwoo.StackTestCase;
				PRODUCT_NAME = "$(TARGET_NAME)";
				SWIFT_VERSION = 5.0;
			};
			name = Debug;
		};
		538B2CA927B5181B00C31617 /* Release */ = {
			isa = XCBuildConfiguration;
			buildSettings = {
				CODE_SIGN_STYLE = Automatic;
				COMBINE_HIDPI_IMAGES = YES;
				INFOPLIST_FILE = StackTestCase/Info.plist;
				LD_RUNPATH_SEARCH_PATHS = (
					"$(inherited)",
					"@executable_path/../Frameworks",
					"@loader_path/../Frameworks",
				);
				PRODUCT_BUNDLE_IDENTIFIER = com.sunwoo.StackTestCase;
				PRODUCT_NAME = "$(TARGET_NAME)";
				SWIFT_VERSION = 5.0;
			};
			name = Release;
		};
/* End XCBuildConfiguration section */

/* Begin XCConfigurationList section */
		532A8B6727BBF984004591ED /* Build configuration list for PBXNativeTarget "QueueTestCase" */ = {
			isa = XCConfigurationList;
			buildConfigurations = (
				532A8B6827BBF984004591ED /* Debug */,
				532A8B6927BBF984004591ED /* Release */,
			);
			defaultConfigurationIsVisible = 0;
			defaultConfigurationName = Release;
		};
		538B2C8B27B516DB00C31617 /* Build configuration list for PBXProject "DataStructureSample" */ = {
			isa = XCConfigurationList;
			buildConfigurations = (
				538B2C9527B516DB00C31617 /* Debug */,
				538B2C9627B516DB00C31617 /* Release */,
			);
			defaultConfigurationIsVisible = 0;
			defaultConfigurationName = Release;
		};
		538B2C9727B516DB00C31617 /* Build configuration list for PBXNativeTarget "DataStructureSample" */ = {
			isa = XCConfigurationList;
			buildConfigurations = (
				538B2C9827B516DB00C31617 /* Debug */,
				538B2C9927B516DB00C31617 /* Release */,
			);
			defaultConfigurationIsVisible = 0;
			defaultConfigurationName = Release;
		};
		538B2CA727B5181B00C31617 /* Build configuration list for PBXNativeTarget "StackTestCase" */ = {
			isa = XCConfigurationList;
			buildConfigurations = (
				538B2CA827B5181B00C31617 /* Debug */,
				538B2CA927B5181B00C31617 /* Release */,
			);
			defaultConfigurationIsVisible = 0;
			defaultConfigurationName = Release;
		};
/* End XCConfigurationList section */
	};
	rootObject = 538B2C8827B516DB00C31617 /* Project object */;
}
