// !$*UTF8*$!
{
	archiveVersion = 1;
	classes = {
	};
	objectVersion = 55;
	objects = {

/* Begin PBXBuildFile section */
		53024F65281FCD49006D606C /* [Toni] Claw Crane Game.swift in Sources */ = {isa = PBXBuildFile; fileRef = 53024F64281FCD49006D606C /* [Toni] Claw Crane Game.swift */; };
		53024F67281FE78A006D606C /* [Toni] Secret Map.swift in Sources */ = {isa = PBXBuildFile; fileRef = 53024F66281FE78A006D606C /* [Toni] Secret Map.swift */; };
		53024F6928210E89006D606C /* [Toni] Math Expression Max.swift in Sources */ = {isa = PBXBuildFile; fileRef = 53024F6828210E89006D606C /* [Toni] Math Expression Max.swift */; };
		534EF98F280C23010098C303 /* [Toni] Dart Game.swift in Sources */ = {isa = PBXBuildFile; fileRef = 534EF98E280C23010098C303 /* [Toni] Dart Game.swift */; };
		535DD53B28CC99620039F7AE /* [Toni] Menu Renewal.swift in Sources */ = {isa = PBXBuildFile; fileRef = 535DD53A28CC99620039F7AE /* [Toni] Menu Renewal.swift */; };
		535DD53D28CCB7730039F7AE /* [Toni] Target number.swift in Sources */ = {isa = PBXBuildFile; fileRef = 535DD53C28CCB7730039F7AE /* [Toni] Target number.swift */; };
		5372281428CB7E7D00B8678F /* [Toni] Open Chat.swift in Sources */ = {isa = PBXBuildFile; fileRef = 5372281328CB7E7D00B8678F /* [Toni] Open Chat.swift */; };
		53805E632812D2E7006AC65A /* [Toni] training clothes.swift in Sources */ = {isa = PBXBuildFile; fileRef = 53805E622812D2E7006AC65A /* [Toni] training clothes.swift */; };
		53805E6528143433006AC65A /* [Toni] Press Keypad.swift in Sources */ = {isa = PBXBuildFile; fileRef = 53805E6428143433006AC65A /* [Toni] Press Keypad.swift */; };
		53805E6C2817F04A006AC65A /* [Toni] Failure Rate.swift in Sources */ = {isa = PBXBuildFile; fileRef = 53805E6B2817F04A006AC65A /* [Toni] Failure Rate.swift */; };
		538B0079282FCD7700CB2EC7 /* [Toni] News Clustering.swift in Sources */ = {isa = PBXBuildFile; fileRef = 538B0078282FCD7700CB2EC7 /* [Toni] News Clustering.swift */; };
		538B007B2831187300CB2EC7 /* [Toni] Check Social Distancing.swift in Sources */ = {isa = PBXBuildFile; fileRef = 538B007A2831187300CB2EC7 /* [Toni] Check Social Distancing.swift */; };
		538B007D28336CCE00CB2EC7 /* [Toni] Tuple.swift in Sources */ = {isa = PBXBuildFile; fileRef = 538B007C28336CCE00CB2EC7 /* [Toni] Tuple.swift */; };
		539883DC285B323000937D9F /* [Toni] Bracket Transform .swift in Sources */ = {isa = PBXBuildFile; fileRef = 539883DB285B323000937D9F /* [Toni] Bracket Transform .swift */; };
		539AFEEC28CB675500D144E7 /* [Toni] Get Prime Number.swift in Sources */ = {isa = PBXBuildFile; fileRef = 539AFEEB28CB675500D144E7 /* [Toni] Get Prime Number.swift */; };
		53A65DD0284A4B6700D0DE1B /* [Toni] Archery.swift in Sources */ = {isa = PBXBuildFile; fileRef = 53A65DCF284A4B6700D0DE1B /* [Toni] Archery.swift */; };
		53AC183C28082C1400EF381D /* main.swift in Sources */ = {isa = PBXBuildFile; fileRef = 53AC183B28082C1400EF381D /* main.swift */; };
		53AC184528083EB400EF381D /* [Toni] Get Report Result.swift in Sources */ = {isa = PBXBuildFile; fileRef = 53AC184428083EB400EF381D /* [Toni] Get Report Result.swift */; };
		53AC1847280AABFA00EF381D /* [Toni] Recommend New Id.swift in Sources */ = {isa = PBXBuildFile; fileRef = 53AC1846280AABFA00EF381D /* [Toni] Recommend New Id.swift */; };
		53AC1849280B1AB500EF381D /* [Toni] Number String and Voca.swift in Sources */ = {isa = PBXBuildFile; fileRef = 53AC1848280B1AB500EF381D /* [Toni] Number String and Voca.swift */; };
		53B3FB05285493A700C86BD0 /* [Toni] Friends4Block.swift in Sources */ = {isa = PBXBuildFile; fileRef = 53B3FB04285493A700C86BD0 /* [Toni] Friends4Block.swift */; };
		53B3FB072855714F00C86BD0 /* test1.swift in Sources */ = {isa = PBXBuildFile; fileRef = 53B3FB062855714F00C86BD0 /* test1.swift */; };
		53B3FB0928557B9F00C86BD0 /* test2.swift in Sources */ = {isa = PBXBuildFile; fileRef = 53B3FB0828557B9F00C86BD0 /* test2.swift */; };
		53B3FB0B285587B200C86BD0 /* test3.swift in Sources */ = {isa = PBXBuildFile; fileRef = 53B3FB0A285587B200C86BD0 /* test3.swift */; };
		53C5428B286495CF00B34E38 /* [Toni] Skill Tree.swift in Sources */ = {isa = PBXBuildFile; fileRef = 53C5428A286495CF00B34E38 /* [Toni] Skill Tree.swift */; };
		53C5428D2869B17900B34E38 /* first.swift in Sources */ = {isa = PBXBuildFile; fileRef = 53C5428C2869B17900B34E38 /* first.swift */; };
		53D65A0B28C8690D00F3128A /* [Toni] Personality Test.swift in Sources */ = {isa = PBXBuildFile; fileRef = 53D65A0A28C8690D00F3128A /* [Toni] Personality Test.swift */; };
		53D65A1728C9F3A500F3128A /* [Toni] Parking Fee Calculation.swift in Sources */ = {isa = PBXBuildFile; fileRef = 53D65A1628C9F3A500F3128A /* [Toni] Parking Fee Calculation.swift */; };
		53E41C36280D900F0097F898 /* [Toni] Calculate Money.swift in Sources */ = {isa = PBXBuildFile; fileRef = 53E41C35280D900F0097F898 /* [Toni] Calculate Money.swift */; };
/* End PBXBuildFile section */

/* Begin PBXCopyFilesBuildPhase section */
		53AC183628082C1400EF381D /* CopyFiles */ = {
			isa = PBXCopyFilesBuildPhase;
			buildActionMask = 2147483647;
			dstPath = /usr/share/man/man1/;
			dstSubfolderSpec = 0;
			files = (
			);
			runOnlyForDeploymentPostprocessing = 1;
		};
/* End PBXCopyFilesBuildPhase section */

/* Begin PBXFileReference section */
		53024F64281FCD49006D606C /* [Toni] Claw Crane Game.swift */ = {isa = PBXFileReference; lastKnownFileType = sourcecode.swift; path = "[Toni] Claw Crane Game.swift"; sourceTree = "<group>"; };
		53024F66281FE78A006D606C /* [Toni] Secret Map.swift */ = {isa = PBXFileReference; lastKnownFileType = sourcecode.swift; path = "[Toni] Secret Map.swift"; sourceTree = "<group>"; };
		53024F6828210E89006D606C /* [Toni] Math Expression Max.swift */ = {isa = PBXFileReference; lastKnownFileType = sourcecode.swift; path = "[Toni] Math Expression Max.swift"; sourceTree = "<group>"; };
		534EF98E280C23010098C303 /* [Toni] Dart Game.swift */ = {isa = PBXFileReference; lastKnownFileType = sourcecode.swift; path = "[Toni] Dart Game.swift"; sourceTree = "<group>"; };
		535DD53A28CC99620039F7AE /* [Toni] Menu Renewal.swift */ = {isa = PBXFileReference; lastKnownFileType = sourcecode.swift; path = "[Toni] Menu Renewal.swift"; sourceTree = "<group>"; };
		535DD53C28CCB7730039F7AE /* [Toni] Target number.swift */ = {isa = PBXFileReference; lastKnownFileType = sourcecode.swift; path = "[Toni] Target number.swift"; sourceTree = "<group>"; };
		5372281328CB7E7D00B8678F /* [Toni] Open Chat.swift */ = {isa = PBXFileReference; lastKnownFileType = sourcecode.swift; path = "[Toni] Open Chat.swift"; sourceTree = "<group>"; };
		53805E622812D2E7006AC65A /* [Toni] training clothes.swift */ = {isa = PBXFileReference; lastKnownFileType = sourcecode.swift; path = "[Toni] training clothes.swift"; sourceTree = "<group>"; };
		53805E6428143433006AC65A /* [Toni] Press Keypad.swift */ = {isa = PBXFileReference; lastKnownFileType = sourcecode.swift; path = "[Toni] Press Keypad.swift"; sourceTree = "<group>"; };
		53805E6B2817F04A006AC65A /* [Toni] Failure Rate.swift */ = {isa = PBXFileReference; lastKnownFileType = sourcecode.swift; path = "[Toni] Failure Rate.swift"; sourceTree = "<group>"; };
		538B0078282FCD7700CB2EC7 /* [Toni] News Clustering.swift */ = {isa = PBXFileReference; lastKnownFileType = sourcecode.swift; path = "[Toni] News Clustering.swift"; sourceTree = "<group>"; };
		538B007A2831187300CB2EC7 /* [Toni] Check Social Distancing.swift */ = {isa = PBXFileReference; lastKnownFileType = sourcecode.swift; path = "[Toni] Check Social Distancing.swift"; sourceTree = "<group>"; };
		538B007C28336CCE00CB2EC7 /* [Toni] Tuple.swift */ = {isa = PBXFileReference; lastKnownFileType = sourcecode.swift; path = "[Toni] Tuple.swift"; sourceTree = "<group>"; };
		539883DB285B323000937D9F /* [Toni] Bracket Transform .swift */ = {isa = PBXFileReference; lastKnownFileType = sourcecode.swift; path = "[Toni] Bracket Transform .swift"; sourceTree = "<group>"; };
		539AFEEB28CB675500D144E7 /* [Toni] Get Prime Number.swift */ = {isa = PBXFileReference; lastKnownFileType = sourcecode.swift; path = "[Toni] Get Prime Number.swift"; sourceTree = "<group>"; };
		53A65DCF284A4B6700D0DE1B /* [Toni] Archery.swift */ = {isa = PBXFileReference; lastKnownFileType = sourcecode.swift; path = "[Toni] Archery.swift"; sourceTree = "<group>"; };
		53AC183828082C1400EF381D /* Programmers */ = {isa = PBXFileReference; explicitFileType = "compiled.mach-o.executable"; includeInIndex = 0; path = Programmers; sourceTree = BUILT_PRODUCTS_DIR; };
		53AC183B28082C1400EF381D /* main.swift */ = {isa = PBXFileReference; lastKnownFileType = sourcecode.swift; path = main.swift; sourceTree = "<group>"; };
		53AC184428083EB400EF381D /* [Toni] Get Report Result.swift */ = {isa = PBXFileReference; lastKnownFileType = sourcecode.swift; path = "[Toni] Get Report Result.swift"; sourceTree = "<group>"; };
		53AC1846280AABFA00EF381D /* [Toni] Recommend New Id.swift */ = {isa = PBXFileReference; lastKnownFileType = sourcecode.swift; path = "[Toni] Recommend New Id.swift"; sourceTree = "<group>"; };
		53AC1848280B1AB500EF381D /* [Toni] Number String and Voca.swift */ = {isa = PBXFileReference; lastKnownFileType = sourcecode.swift; path = "[Toni] Number String and Voca.swift"; sourceTree = "<group>"; };
		53B3FB04285493A700C86BD0 /* [Toni] Friends4Block.swift */ = {isa = PBXFileReference; lastKnownFileType = sourcecode.swift; path = "[Toni] Friends4Block.swift"; sourceTree = "<group>"; };
		53B3FB062855714F00C86BD0 /* test1.swift */ = {isa = PBXFileReference; lastKnownFileType = sourcecode.swift; path = test1.swift; sourceTree = "<group>"; };
		53B3FB0828557B9F00C86BD0 /* test2.swift */ = {isa = PBXFileReference; lastKnownFileType = sourcecode.swift; path = test2.swift; sourceTree = "<group>"; };
		53B3FB0A285587B200C86BD0 /* test3.swift */ = {isa = PBXFileReference; lastKnownFileType = sourcecode.swift; path = test3.swift; sourceTree = "<group>"; };
		53C5428A286495CF00B34E38 /* [Toni] Skill Tree.swift */ = {isa = PBXFileReference; lastKnownFileType = sourcecode.swift; path = "[Toni] Skill Tree.swift"; sourceTree = "<group>"; };
		53C5428C2869B17900B34E38 /* first.swift */ = {isa = PBXFileReference; lastKnownFileType = sourcecode.swift; path = first.swift; sourceTree = "<group>"; };
		53D65A0A28C8690D00F3128A /* [Toni] Personality Test.swift */ = {isa = PBXFileReference; lastKnownFileType = sourcecode.swift; path = "[Toni] Personality Test.swift"; sourceTree = "<group>"; };
		53D65A1628C9F3A500F3128A /* [Toni] Parking Fee Calculation.swift */ = {isa = PBXFileReference; lastKnownFileType = sourcecode.swift; path = "[Toni] Parking Fee Calculation.swift"; sourceTree = "<group>"; };
		53E41C35280D900F0097F898 /* [Toni] Calculate Money.swift */ = {isa = PBXFileReference; lastKnownFileType = sourcecode.swift; path = "[Toni] Calculate Money.swift"; sourceTree = "<group>"; };
/* End PBXFileReference section */

/* Begin PBXFrameworksBuildPhase section */
		53AC183528082C1400EF381D /* Frameworks */ = {
			isa = PBXFrameworksBuildPhase;
			buildActionMask = 2147483647;
			files = (
			);
			runOnlyForDeploymentPostprocessing = 0;
		};
/* End PBXFrameworksBuildPhase section */

/* Begin PBXGroup section */
		53AC182F28082C1400EF381D = {
			isa = PBXGroup;
			children = (
				53AC183A28082C1400EF381D /* Programmers */,
				53AC183928082C1400EF381D /* Products */,
			);
			sourceTree = "<group>";
		};
		53AC183928082C1400EF381D /* Products */ = {
			isa = PBXGroup;
			children = (
				53AC183828082C1400EF381D /* Programmers */,
			);
			name = Products;
			sourceTree = "<group>";
		};
		53AC183A28082C1400EF381D /* Programmers */ = {
			isa = PBXGroup;
			children = (
				53AC183B28082C1400EF381D /* main.swift */,
				53AC184428083EB400EF381D /* [Toni] Get Report Result.swift */,
				53AC1846280AABFA00EF381D /* [Toni] Recommend New Id.swift */,
				53AC1848280B1AB500EF381D /* [Toni] Number String and Voca.swift */,
				534EF98E280C23010098C303 /* [Toni] Dart Game.swift */,
				53E41C35280D900F0097F898 /* [Toni] Calculate Money.swift */,
				53805E622812D2E7006AC65A /* [Toni] training clothes.swift */,
				53805E6428143433006AC65A /* [Toni] Press Keypad.swift */,
				53805E6B2817F04A006AC65A /* [Toni] Failure Rate.swift */,
				53024F64281FCD49006D606C /* [Toni] Claw Crane Game.swift */,
				53024F66281FE78A006D606C /* [Toni] Secret Map.swift */,
				53024F6828210E89006D606C /* [Toni] Math Expression Max.swift */,
				538B0078282FCD7700CB2EC7 /* [Toni] News Clustering.swift */,
				538B007A2831187300CB2EC7 /* [Toni] Check Social Distancing.swift */,
				538B007C28336CCE00CB2EC7 /* [Toni] Tuple.swift */,
				53A65DCF284A4B6700D0DE1B /* [Toni] Archery.swift */,
				53B3FB04285493A700C86BD0 /* [Toni] Friends4Block.swift */,
				53B3FB062855714F00C86BD0 /* test1.swift */,
				53B3FB0828557B9F00C86BD0 /* test2.swift */,
				53B3FB0A285587B200C86BD0 /* test3.swift */,
				539883DB285B323000937D9F /* [Toni] Bracket Transform .swift */,
				53C5428A286495CF00B34E38 /* [Toni] Skill Tree.swift */,
				53C5428C2869B17900B34E38 /* first.swift */,
				53D65A0A28C8690D00F3128A /* [Toni] Personality Test.swift */,
				53D65A1628C9F3A500F3128A /* [Toni] Parking Fee Calculation.swift */,
				539AFEEB28CB675500D144E7 /* [Toni] Get Prime Number.swift */,
				5372281328CB7E7D00B8678F /* [Toni] Open Chat.swift */,
				535DD53A28CC99620039F7AE /* [Toni] Menu Renewal.swift */,
				535DD53C28CCB7730039F7AE /* [Toni] Target number.swift */,
			);
			path = Programmers;
			sourceTree = "<group>";
		};
/* End PBXGroup section */

/* Begin PBXNativeTarget section */
		53AC183728082C1400EF381D /* Programmers */ = {
			isa = PBXNativeTarget;
			buildConfigurationList = 53AC183F28082C1400EF381D /* Build configuration list for PBXNativeTarget "Programmers" */;
			buildPhases = (
				53AC183428082C1400EF381D /* Sources */,
				53AC183528082C1400EF381D /* Frameworks */,
				53AC183628082C1400EF381D /* CopyFiles */,
			);
			buildRules = (
			);
			dependencies = (
			);
			name = Programmers;
			productName = Programmers;
			productReference = 53AC183828082C1400EF381D /* Programmers */;
			productType = "com.apple.product-type.tool";
		};
/* End PBXNativeTarget section */

/* Begin PBXProject section */
		53AC183028082C1400EF381D /* Project object */ = {
			isa = PBXProject;
			attributes = {
				BuildIndependentTargetsInParallel = 1;
				LastSwiftUpdateCheck = 1320;
				LastUpgradeCheck = 1320;
				TargetAttributes = {
					53AC183728082C1400EF381D = {
						CreatedOnToolsVersion = 13.2.1;
					};
				};
			};
			buildConfigurationList = 53AC183328082C1400EF381D /* Build configuration list for PBXProject "Programmers" */;
			compatibilityVersion = "Xcode 13.0";
			developmentRegion = en;
			hasScannedForEncodings = 0;
			knownRegions = (
				en,
				Base,
			);
			mainGroup = 53AC182F28082C1400EF381D;
			productRefGroup = 53AC183928082C1400EF381D /* Products */;
			projectDirPath = "";
			projectRoot = "";
			targets = (
				53AC183728082C1400EF381D /* Programmers */,
			);
		};
/* End PBXProject section */

/* Begin PBXSourcesBuildPhase section */
		53AC183428082C1400EF381D /* Sources */ = {
			isa = PBXSourcesBuildPhase;
			buildActionMask = 2147483647;
			files = (
				53AC1849280B1AB500EF381D /* [Toni] Number String and Voca.swift in Sources */,
				535DD53D28CCB7730039F7AE /* [Toni] Target number.swift in Sources */,
				5372281428CB7E7D00B8678F /* [Toni] Open Chat.swift in Sources */,
				53B3FB05285493A700C86BD0 /* [Toni] Friends4Block.swift in Sources */,
				53024F65281FCD49006D606C /* [Toni] Claw Crane Game.swift in Sources */,
				53805E6528143433006AC65A /* [Toni] Press Keypad.swift in Sources */,
				53024F67281FE78A006D606C /* [Toni] Secret Map.swift in Sources */,
				53AC1847280AABFA00EF381D /* [Toni] Recommend New Id.swift in Sources */,
				538B007D28336CCE00CB2EC7 /* [Toni] Tuple.swift in Sources */,
				53805E6C2817F04A006AC65A /* [Toni] Failure Rate.swift in Sources */,
				53B3FB0928557B9F00C86BD0 /* test2.swift in Sources */,
				53C5428D2869B17900B34E38 /* first.swift in Sources */,
				539AFEEC28CB675500D144E7 /* [Toni] Get Prime Number.swift in Sources */,
				53B3FB0B285587B200C86BD0 /* test3.swift in Sources */,
				539883DC285B323000937D9F /* [Toni] Bracket Transform .swift in Sources */,
				538B0079282FCD7700CB2EC7 /* [Toni] News Clustering.swift in Sources */,
				534EF98F280C23010098C303 /* [Toni] Dart Game.swift in Sources */,
				538B007B2831187300CB2EC7 /* [Toni] Check Social Distancing.swift in Sources */,
				53E41C36280D900F0097F898 /* [Toni] Calculate Money.swift in Sources */,
				53024F6928210E89006D606C /* [Toni] Math Expression Max.swift in Sources */,
				53B3FB072855714F00C86BD0 /* test1.swift in Sources */,
				53AC184528083EB400EF381D /* [Toni] Get Report Result.swift in Sources */,
				535DD53B28CC99620039F7AE /* [Toni] Menu Renewal.swift in Sources */,
				53AC183C28082C1400EF381D /* main.swift in Sources */,
				53805E632812D2E7006AC65A /* [Toni] training clothes.swift in Sources */,
				53D65A1728C9F3A500F3128A /* [Toni] Parking Fee Calculation.swift in Sources */,
				53D65A0B28C8690D00F3128A /* [Toni] Personality Test.swift in Sources */,
				53A65DD0284A4B6700D0DE1B /* [Toni] Archery.swift in Sources */,
				53C5428B286495CF00B34E38 /* [Toni] Skill Tree.swift in Sources */,
			);
			runOnlyForDeploymentPostprocessing = 0;
		};
/* End PBXSourcesBuildPhase section */

/* Begin XCBuildConfiguration section */
		53AC183D28082C1400EF381D /* Debug */ = {
			isa = XCBuildConfiguration;
			buildSettings = {
				ALWAYS_SEARCH_USER_PATHS = NO;
				CLANG_ANALYZER_NONNULL = YES;
				CLANG_ANALYZER_NUMBER_OBJECT_CONVERSION = YES_AGGRESSIVE;
				CLANG_CXX_LANGUAGE_STANDARD = "gnu++17";
				CLANG_CXX_LIBRARY = "libc++";
				CLANG_ENABLE_MODULES = YES;
				CLANG_ENABLE_OBJC_ARC = YES;
				CLANG_ENABLE_OBJC_WEAK = YES;
				CLANG_WARN_BLOCK_CAPTURE_AUTORELEASING = YES;
				CLANG_WARN_BOOL_CONVERSION = YES;
				CLANG_WARN_COMMA = YES;
				CLANG_WARN_CONSTANT_CONVERSION = YES;
				CLANG_WARN_DEPRECATED_OBJC_IMPLEMENTATIONS = YES;
				CLANG_WARN_DIRECT_OBJC_ISA_USAGE = YES_ERROR;
				CLANG_WARN_DOCUMENTATION_COMMENTS = YES;
				CLANG_WARN_EMPTY_BODY = YES;
				CLANG_WARN_ENUM_CONVERSION = YES;
				CLANG_WARN_INFINITE_RECURSION = YES;
				CLANG_WARN_INT_CONVERSION = YES;
				CLANG_WARN_NON_LITERAL_NULL_CONVERSION = YES;
				CLANG_WARN_OBJC_IMPLICIT_RETAIN_SELF = YES;
				CLANG_WARN_OBJC_LITERAL_CONVERSION = YES;
				CLANG_WARN_OBJC_ROOT_CLASS = YES_ERROR;
				CLANG_WARN_QUOTED_INCLUDE_IN_FRAMEWORK_HEADER = YES;
				CLANG_WARN_RANGE_LOOP_ANALYSIS = YES;
				CLANG_WARN_STRICT_PROTOTYPES = YES;
				CLANG_WARN_SUSPICIOUS_MOVE = YES;
				CLANG_WARN_UNGUARDED_AVAILABILITY = YES_AGGRESSIVE;
				CLANG_WARN_UNREACHABLE_CODE = YES;
				CLANG_WARN__DUPLICATE_METHOD_MATCH = YES;
				COPY_PHASE_STRIP = NO;
				DEBUG_INFORMATION_FORMAT = dwarf;
				ENABLE_STRICT_OBJC_MSGSEND = YES;
				ENABLE_TESTABILITY = YES;
				GCC_C_LANGUAGE_STANDARD = gnu11;
				GCC_DYNAMIC_NO_PIC = NO;
				GCC_NO_COMMON_BLOCKS = YES;
				GCC_OPTIMIZATION_LEVEL = 0;
				GCC_PREPROCESSOR_DEFINITIONS = (
					"DEBUG=1",
					"$(inherited)",
				);
				GCC_WARN_64_TO_32_BIT_CONVERSION = YES;
				GCC_WARN_ABOUT_RETURN_TYPE = YES_ERROR;
				GCC_WARN_UNDECLARED_SELECTOR = YES;
				GCC_WARN_UNINITIALIZED_AUTOS = YES_AGGRESSIVE;
				GCC_WARN_UNUSED_FUNCTION = YES;
				GCC_WARN_UNUSED_VARIABLE = YES;
				MACOSX_DEPLOYMENT_TARGET = 11.6;
				MTL_ENABLE_DEBUG_INFO = INCLUDE_SOURCE;
				MTL_FAST_MATH = YES;
				ONLY_ACTIVE_ARCH = YES;
				SDKROOT = macosx;
				SWIFT_ACTIVE_COMPILATION_CONDITIONS = DEBUG;
				SWIFT_OPTIMIZATION_LEVEL = "-Onone";
			};
			name = Debug;
		};
		53AC183E28082C1400EF381D /* Release */ = {
			isa = XCBuildConfiguration;
			buildSettings = {
				ALWAYS_SEARCH_USER_PATHS = NO;
				CLANG_ANALYZER_NONNULL = YES;
				CLANG_ANALYZER_NUMBER_OBJECT_CONVERSION = YES_AGGRESSIVE;
				CLANG_CXX_LANGUAGE_STANDARD = "gnu++17";
				CLANG_CXX_LIBRARY = "libc++";
				CLANG_ENABLE_MODULES = YES;
				CLANG_ENABLE_OBJC_ARC = YES;
				CLANG_ENABLE_OBJC_WEAK = YES;
				CLANG_WARN_BLOCK_CAPTURE_AUTORELEASING = YES;
				CLANG_WARN_BOOL_CONVERSION = YES;
				CLANG_WARN_COMMA = YES;
				CLANG_WARN_CONSTANT_CONVERSION = YES;
				CLANG_WARN_DEPRECATED_OBJC_IMPLEMENTATIONS = YES;
				CLANG_WARN_DIRECT_OBJC_ISA_USAGE = YES_ERROR;
				CLANG_WARN_DOCUMENTATION_COMMENTS = YES;
				CLANG_WARN_EMPTY_BODY = YES;
				CLANG_WARN_ENUM_CONVERSION = YES;
				CLANG_WARN_INFINITE_RECURSION = YES;
				CLANG_WARN_INT_CONVERSION = YES;
				CLANG_WARN_NON_LITERAL_NULL_CONVERSION = YES;
				CLANG_WARN_OBJC_IMPLICIT_RETAIN_SELF = YES;
				CLANG_WARN_OBJC_LITERAL_CONVERSION = YES;
				CLANG_WARN_OBJC_ROOT_CLASS = YES_ERROR;
				CLANG_WARN_QUOTED_INCLUDE_IN_FRAMEWORK_HEADER = YES;
				CLANG_WARN_RANGE_LOOP_ANALYSIS = YES;
				CLANG_WARN_STRICT_PROTOTYPES = YES;
				CLANG_WARN_SUSPICIOUS_MOVE = YES;
				CLANG_WARN_UNGUARDED_AVAILABILITY = YES_AGGRESSIVE;
				CLANG_WARN_UNREACHABLE_CODE = YES;
				CLANG_WARN__DUPLICATE_METHOD_MATCH = YES;
				COPY_PHASE_STRIP = NO;
				DEBUG_INFORMATION_FORMAT = "dwarf-with-dsym";
				ENABLE_NS_ASSERTIONS = NO;
				ENABLE_STRICT_OBJC_MSGSEND = YES;
				GCC_C_LANGUAGE_STANDARD = gnu11;
				GCC_NO_COMMON_BLOCKS = YES;
				GCC_WARN_64_TO_32_BIT_CONVERSION = YES;
				GCC_WARN_ABOUT_RETURN_TYPE = YES_ERROR;
				GCC_WARN_UNDECLARED_SELECTOR = YES;
				GCC_WARN_UNINITIALIZED_AUTOS = YES_AGGRESSIVE;
				GCC_WARN_UNUSED_FUNCTION = YES;
				GCC_WARN_UNUSED_VARIABLE = YES;
				MACOSX_DEPLOYMENT_TARGET = 11.6;
				MTL_ENABLE_DEBUG_INFO = NO;
				MTL_FAST_MATH = YES;
				SDKROOT = macosx;
				SWIFT_COMPILATION_MODE = wholemodule;
				SWIFT_OPTIMIZATION_LEVEL = "-O";
			};
			name = Release;
		};
		53AC184028082C1400EF381D /* Debug */ = {
			isa = XCBuildConfiguration;
			buildSettings = {
				CODE_SIGN_STYLE = Automatic;
				PRODUCT_NAME = "$(TARGET_NAME)";
				SWIFT_VERSION = 5.0;
			};
			name = Debug;
		};
		53AC184128082C1400EF381D /* Release */ = {
			isa = XCBuildConfiguration;
			buildSettings = {
				CODE_SIGN_STYLE = Automatic;
				PRODUCT_NAME = "$(TARGET_NAME)";
				SWIFT_VERSION = 5.0;
			};
			name = Release;
		};
/* End XCBuildConfiguration section */

/* Begin XCConfigurationList section */
		53AC183328082C1400EF381D /* Build configuration list for PBXProject "Programmers" */ = {
			isa = XCConfigurationList;
			buildConfigurations = (
				53AC183D28082C1400EF381D /* Debug */,
				53AC183E28082C1400EF381D /* Release */,
			);
			defaultConfigurationIsVisible = 0;
			defaultConfigurationName = Release;
		};
		53AC183F28082C1400EF381D /* Build configuration list for PBXNativeTarget "Programmers" */ = {
			isa = XCConfigurationList;
			buildConfigurations = (
				53AC184028082C1400EF381D /* Debug */,
				53AC184128082C1400EF381D /* Release */,
			);
			defaultConfigurationIsVisible = 0;
			defaultConfigurationName = Release;
		};
/* End XCConfigurationList section */
	};
	rootObject = 53AC183028082C1400EF381D /* Project object */;
}
